lockfileVersion: 5.4

specifiers:
  '@fontsource/fira-code': ^4.5.13
  '@fontsource/inter': ^4.5.15

dependencies:
  '@fontsource/fira-code': 4.5.13
  '@fontsource/inter': 4.5.15

packages:

  /@fontsource/fira-code/4.5.13:
    resolution: {integrity: sha512-T1IG6/2AXSwEKwlrEm3kyIL3RQTMblPyj68HgnBGl0IBGFxgS5LZ7StRdDo/QimJ4Tz6FQGHuy1Y/ShNxaUefA==}
    dev: false

  /@fontsource/inter/4.5.15:
    resolution: {integrity: sha512-FzleM9AxZQK2nqsTDtBiY0PMEVWvnKnuu2i09+p6DHvrHsuucoV2j0tmw+kAT3L4hvsLdAIDv6MdGehsPIdT+Q==}
    dev: false
